// !$*UTF8*$!
{
	archiveVersion = 1;
	classes = {
	};
	objectVersion = 46;
	objects = {

/* Begin PBXBuildFile section */
		D015791018ACD9F500AA3803 /* FlappyBall152x152.png in Resources */ = {isa = PBXBuildFile; fileRef = D015790718ACD9F500AA3803 /* FlappyBall152x152.png */; };
		D015791118ACD9F500AA3803 /* FlappyBallIcon60x60.png in Resources */ = {isa = PBXBuildFile; fileRef = D015790818ACD9F500AA3803 /* FlappyBallIcon60x60.png */; };
		D048A83C18AC973300411DF9 /* cow.png in Resources */ = {isa = PBXBuildFile; fileRef = D048A83B18AC973300411DF9 /* cow.png */; };
		D048A83F18ACAAAB00411DF9 /* facebook_share.png in Resources */ = {isa = PBXBuildFile; fileRef = D048A83D18ACAAAB00411DF9 /* facebook_share.png */; };
		D048A84018ACAAAB00411DF9 /* twitter_share.png in Resources */ = {isa = PBXBuildFile; fileRef = D048A83E18ACAAAB00411DF9 /* twitter_share.png */; };
		D048A84618ACB25200411DF9 /* GameKit.framework in Frameworks */ = {isa = PBXBuildFile; fileRef = D048A84518ACB25200411DF9 /* GameKit.framework */; };
		D048A84918ACB2A500411DF9 /* GameCenterManager.m in Sources */ = {isa = PBXBuildFile; fileRef = D048A84818ACB2A500411DF9 /* GameCenterManager.m */; settings = {COMPILER_FLAGS = "-fno-objc-arc"; }; };
		D048A84C18ACC53500411DF9 /* MainView~ipad.xib in Resources */ = {isa = PBXBuildFile; fileRef = D048A84B18ACC53500411DF9 /* MainView~ipad.xib */; };
		D04BEB9A18ADD12E00DB72F5 /* ResultView~ipad.xib in Resources */ = {isa = PBXBuildFile; fileRef = D04BEB9918ADD12E00DB72F5 /* ResultView~ipad.xib */; };
		D04BEB9C18ADD14D00DB72F5 /* MenuView~ipad.xib in Resources */ = {isa = PBXBuildFile; fileRef = D04BEB9B18ADD14D00DB72F5 /* MenuView~ipad.xib */; };
		D04BEB9E18ADD4C100DB72F5 /* TutorialView~ipad.xib in Resources */ = {isa = PBXBuildFile; fileRef = D04BEB9D18ADD4C100DB72F5 /* TutorialView~ipad.xib */; };
		D04BEBA118ADD8A000DB72F5 /* FloorView.m in Sources */ = {isa = PBXBuildFile; fileRef = D04BEBA018ADD8A000DB72F5 /* FloorView.m */; };
		D04BEBA318ADD93100DB72F5 /* FloorView.xib in Resources */ = {isa = PBXBuildFile; fileRef = D04BEBA218ADD93000DB72F5 /* FloorView.xib */; };
		D04BEBA518ADECAD00DB72F5 /* Floor.png in Resources */ = {isa = PBXBuildFile; fileRef = D04BEBA418ADECAD00DB72F5 /* Floor.png */; };
		D04BEBA718ADFDE400DB72F5 /* GameViewController.xib in Resources */ = {isa = PBXBuildFile; fileRef = D04BEBA618ADFDE400DB72F5 /* GameViewController.xib */; };
		D04F6F5018A9EBE6000509AA /* SoundEffectHelper.m in Sources */ = {isa = PBXBuildFile; fileRef = D04F6F4F18A9EBE6000509AA /* SoundEffectHelper.m */; };
		D04F6F5318A9ED28000509AA /* SoundManager.m in Sources */ = {isa = PBXBuildFile; fileRef = D04F6F5218A9ED28000509AA /* SoundManager.m */; };
		D04F6F5618A9FD34000509AA /* NSArray+Util.m in Sources */ = {isa = PBXBuildFile; fileRef = D04F6F5518A9FD34000509AA /* NSArray+Util.m */; };
		D04F704218AA1197000509AA /* Social.framework in Frameworks */ = {isa = PBXBuildFile; fileRef = D04F704118AA1197000509AA /* Social.framework */; };
		D073FF3E18AA3AD800448FD5 /* BackgroundView.m in Sources */ = {isa = PBXBuildFile; fileRef = D073FF2218AA3AD800448FD5 /* BackgroundView.m */; };
		D073FF3F18AA3AD800448FD5 /* GameConstants.m in Sources */ = {isa = PBXBuildFile; fileRef = D073FF2418AA3AD800448FD5 /* GameConstants.m */; };
		D073FF4018AA3AD800448FD5 /* GameViewController.m in Sources */ = {isa = PBXBuildFile; fileRef = D073FF2618AA3AD800448FD5 /* GameViewController.m */; };
		D073FF4118AA3AD800448FD5 /* LadyBugView.m in Sources */ = {isa = PBXBuildFile; fileRef = D073FF2818AA3AD800448FD5 /* LadyBugView.m */; };
		D073FF4218AA3AD800448FD5 /* MainView.m in Sources */ = {isa = PBXBuildFile; fileRef = D073FF2A18AA3AD800448FD5 /* MainView.m */; };
		D073FF4318AA3AD800448FD5 /* MenuView.m in Sources */ = {isa = PBXBuildFile; fileRef = D073FF2C18AA3AD800448FD5 /* MenuView.m */; };
		D073FF4418AA3AD900448FD5 /* NotificationManager.m in Sources */ = {isa = PBXBuildFile; fileRef = D073FF2E18AA3AD800448FD5 /* NotificationManager.m */; };
		D073FF4518AA3AD900448FD5 /* PipeView.m in Sources */ = {isa = PBXBuildFile; fileRef = D073FF3018AA3AD800448FD5 /* PipeView.m */; };
		D073FF4618AA3AD900448FD5 /* ResultView.m in Sources */ = {isa = PBXBuildFile; fileRef = D073FF3218AA3AD800448FD5 /* ResultView.m */; };
		D073FF4718AA3AD900448FD5 /* TutorialView.m in Sources */ = {isa = PBXBuildFile; fileRef = D073FF3418AA3AD800448FD5 /* TutorialView.m */; };
		D073FF4818AA3AD900448FD5 /* GameViewController~ipad.xib in Resources */ = {isa = PBXBuildFile; fileRef = D073FF3618AA3AD800448FD5 /* GameViewController~ipad.xib */; };
		D073FF4918AA3AD900448FD5 /* LadyBugView.xib in Resources */ = {isa = PBXBuildFile; fileRef = D073FF3718AA3AD800448FD5 /* LadyBugView.xib */; };
		D073FF4A18AA3AD900448FD5 /* MainView.xib in Resources */ = {isa = PBXBuildFile; fileRef = D073FF3818AA3AD800448FD5 /* MainView.xib */; };
		D073FF4B18AA3AD900448FD5 /* MainWindow.xib in Resources */ = {isa = PBXBuildFile; fileRef = D073FF3918AA3AD800448FD5 /* MainWindow.xib */; };
		D073FF4C18AA3AD900448FD5 /* MenuView.xib in Resources */ = {isa = PBXBuildFile; fileRef = D073FF3A18AA3AD800448FD5 /* MenuView.xib */; };
		D073FF4D18AA3AD900448FD5 /* PipeView.xib in Resources */ = {isa = PBXBuildFile; fileRef = D073FF3B18AA3AD800448FD5 /* PipeView.xib */; };
		D073FF4E18AA3AD900448FD5 /* ResultView.xib in Resources */ = {isa = PBXBuildFile; fileRef = D073FF3C18AA3AD800448FD5 /* ResultView.xib */; };
		D073FF4F18AA3AD900448FD5 /* TutorialView.xib in Resources */ = {isa = PBXBuildFile; fileRef = D073FF3D18AA3AD800448FD5 /* TutorialView.xib */; };
		D073FF5118AA3AEB00448FD5 /* BackgroundView.xib in Resources */ = {isa = PBXBuildFile; fileRef = D073FF5018AA3AEB00448FD5 /* BackgroundView.xib */; };
		D073FF5618AA3B5700448FD5 /* LadyBugView~ipad.xib in Resources */ = {isa = PBXBuildFile; fileRef = D073FF5318AA3B5700448FD5 /* LadyBugView~ipad.xib */; };
		D073FF5718AA3B5700448FD5 /* PipeView~ipad.xib in Resources */ = {isa = PBXBuildFile; fileRef = D073FF5418AA3B5700448FD5 /* PipeView~ipad.xib */; };
		D073FF5918AA3C8400448FD5 /* BackgroundView~ipad.xib in Resources */ = {isa = PBXBuildFile; fileRef = D073FF5818AA3C8400448FD5 /* BackgroundView~ipad.xib */; };
		D07F418018A4D8C7009680FD /* iAd.framework in Frameworks */ = {isa = PBXBuildFile; fileRef = D07F417F18A4D8C7009680FD /* iAd.framework */; };
		D0C79E8018AF4BFD0032BDB8 /* FlappyBall2.png in Resources */ = {isa = PBXBuildFile; fileRef = D0C79E7F18AF4BFD0032BDB8 /* FlappyBall2.png */; };
		D0E30E8518A376E300FFD3CE /* Foundation.framework in Frameworks */ = {isa = PBXBuildFile; fileRef = D0E30E8418A376E300FFD3CE /* Foundation.framework */; };
		D0E30E8718A376E300FFD3CE /* CoreGraphics.framework in Frameworks */ = {isa = PBXBuildFile; fileRef = D0E30E8618A376E300FFD3CE /* CoreGraphics.framework */; };
		D0E30E8918A376E300FFD3CE /* UIKit.framework in Frameworks */ = {isa = PBXBuildFile; fileRef = D0E30E8818A376E300FFD3CE /* UIKit.framework */; };
		D0E30E8F18A376E300FFD3CE /* InfoPlist.strings in Resources */ = {isa = PBXBuildFile; fileRef = D0E30E8D18A376E300FFD3CE /* InfoPlist.strings */; };
		D0E30E9118A376E300FFD3CE /* main.m in Sources */ = {isa = PBXBuildFile; fileRef = D0E30E9018A376E300FFD3CE /* main.m */; };
		D0E30E9518A376E300FFD3CE /* AppDelegate.m in Sources */ = {isa = PBXBuildFile; fileRef = D0E30E9418A376E300FFD3CE /* AppDelegate.m */; };
		D0E30E9D18A376E300FFD3CE /* Images.xcassets in Resources */ = {isa = PBXBuildFile; fileRef = D0E30E9C18A376E300FFD3CE /* Images.xcassets */; };
		D0E30EA418A376E300FFD3CE /* XCTest.framework in Frameworks */ = {isa = PBXBuildFile; fileRef = D0E30EA318A376E300FFD3CE /* XCTest.framework */; };
		D0E30EA518A376E300FFD3CE /* Foundation.framework in Frameworks */ = {isa = PBXBuildFile; fileRef = D0E30E8418A376E300FFD3CE /* Foundation.framework */; };
		D0E30EA618A376E300FFD3CE /* UIKit.framework in Frameworks */ = {isa = PBXBuildFile; fileRef = D0E30E8818A376E300FFD3CE /* UIKit.framework */; };
		D0E30EAE18A376E300FFD3CE /* InfoPlist.strings in Resources */ = {isa = PBXBuildFile; fileRef = D0E30EAC18A376E300FFD3CE /* InfoPlist.strings */; };
		D0E30EB018A376E300FFD3CE /* BirdTests.m in Sources */ = {isa = PBXBuildFile; fileRef = D0E30EAF18A376E300FFD3CE /* BirdTests.m */; };
		D0E30EDF18A37D6400FFD3CE /* QuartzCore.framework in Frameworks */ = {isa = PBXBuildFile; fileRef = D0E30EDE18A37D6400FFD3CE /* QuartzCore.framework */; };
		D0E50A3118A7349300AA353E /* background_cloud.jpeg in Resources */ = {isa = PBXBuildFile; fileRef = D0E50A2918A7349300AA353E /* background_cloud.jpeg */; };
		D0E50A3218A7349300AA353E /* bg.png in Resources */ = {isa = PBXBuildFile; fileRef = D0E50A2A18A7349300AA353E /* bg.png */; };
		D0E50A3318A7349300AA353E /* Ladybug.png in Resources */ = {isa = PBXBuildFile; fileRef = D0E50A2B18A7349300AA353E /* Ladybug.png */; };
		D0E50A3418A7349300AA353E /* man.png in Resources */ = {isa = PBXBuildFile; fileRef = D0E50A2C18A7349300AA353E /* man.png */; };
		D0E50A3518A7349300AA353E /* obstacles_bottom.png in Resources */ = {isa = PBXBuildFile; fileRef = D0E50A2D18A7349300AA353E /* obstacles_bottom.png */; };
		D0E50A3618A7349300AA353E /* obstacles_top.png in Resources */ = {isa = PBXBuildFile; fileRef = D0E50A2E18A7349300AA353E /* obstacles_top.png */; };
		D0E50A3718A7349300AA353E /* pipe_face_down.png in Resources */ = {isa = PBXBuildFile; fileRef = D0E50A2F18A7349300AA353E /* pipe_face_down.png */; };
		D0E50A3818A7349300AA353E /* pipe_face_up.png in Resources */ = {isa = PBXBuildFile; fileRef = D0E50A3018A7349300AA353E /* pipe_face_up.png */; };
		D0E50A5A18A745CA00AA353E /* AnimUtil.m in Sources */ = {isa = PBXBuildFile; fileRef = D0E50A3F18A745CA00AA353E /* AnimUtil.m */; };
		D0E50A5B18A745CA00AA353E /* Base.m in Sources */ = {isa = PBXBuildFile; fileRef = D0E50A4218A745CA00AA353E /* Base.m */; };
		D0E50A5C18A745CA00AA353E /* GameLoopTimer.m in Sources */ = {isa = PBXBuildFile; fileRef = D0E50A4418A745CA00AA353E /* GameLoopTimer.m */; };
		D0E50A5D18A745CA00AA353E /* Hex.m in Sources */ = {isa = PBXBuildFile; fileRef = D0E50A4618A745CA00AA353E /* Hex.m */; };
		D0E50A5E18A745CA00AA353E /* SoundEffect.m in Sources */ = {isa = PBXBuildFile; fileRef = D0E50A4818A745CA00AA353E /* SoundEffect.m */; };
		D0E50A5F18A745CA00AA353E /* UIView+ViewUtil.m in Sources */ = {isa = PBXBuildFile; fileRef = D0E50A4A18A745CA00AA353E /* UIView+ViewUtil.m */; };
		D0E50A6018A745CA00AA353E /* Utils.m in Sources */ = {isa = PBXBuildFile; fileRef = D0E50A4C18A745CA00AA353E /* Utils.m */; };
		D0E50A6118A745CA00AA353E /* WorldObjectProperties.m in Sources */ = {isa = PBXBuildFile; fileRef = D0E50A4E18A745CA00AA353E /* WorldObjectProperties.m */; };
		D0E50A6218A745CA00AA353E /* WorldObjectView.m in Sources */ = {isa = PBXBuildFile; fileRef = D0E50A5018A745CA00AA353E /* WorldObjectView.m */; };
		D0E50A6318A745CA00AA353E /* XibView.m in Sources */ = {isa = PBXBuildFile; fileRef = D0E50A5218A745CA00AA353E /* XibView.m */; };
		D0E50A6418A745CA00AA353E /* iRate.bundle in Resources */ = {isa = PBXBuildFile; fileRef = D0E50A5418A745CA00AA353E /* iRate.bundle */; };
		D0E50A6518A745CA00AA353E /* iRate.m in Sources */ = {isa = PBXBuildFile; fileRef = D0E50A5618A745CA00AA353E /* iRate.m */; };
		D0E50A6618A745CA00AA353E /* FXLabel.m in Sources */ = {isa = PBXBuildFile; fileRef = D0E50A5918A745CA00AA353E /* FXLabel.m */; };
		D0EDB82818A8A55100C103F5 /* bumpEffect.caf in Resources */ = {isa = PBXBuildFile; fileRef = D0EDB82718A8A55100C103F5 /* bumpEffect.caf */; };
		D0EDB82C18A8AFAC00C103F5 /* THLabel.m in Sources */ = {isa = PBXBuildFile; fileRef = D0EDB82B18A8AFAC00C103F5 /* THLabel.m */; };
		D0EE1F2D18AB4BE800AD7C8F /* blingEffect.caf in Resources */ = {isa = PBXBuildFile; fileRef = D0EE1F2C18AB4BE800AD7C8F /* blingEffect.caf */; };
		D0F7853818A8659F00CA1ADA /* bounceEffect.caf in Resources */ = {isa = PBXBuildFile; fileRef = D0F7853718A8659F00CA1ADA /* bounceEffect.caf */; };
/* End PBXBuildFile section */

/* Begin PBXContainerItemProxy section */
		D0E30EA718A376E300FFD3CE /* PBXContainerItemProxy */ = {
			isa = PBXContainerItemProxy;
			containerPortal = D0E30E7918A376E300FFD3CE /* Project object */;
			proxyType = 1;
			remoteGlobalIDString = D0E30E8018A376E300FFD3CE;
			remoteInfo = Bird;
		};
/* End PBXContainerItemProxy section */

/* Begin PBXFileReference section */
		D015790718ACD9F500AA3803 /* FlappyBall152x152.png */ = {isa = PBXFileReference; lastKnownFileType = image.png; path = FlappyBall152x152.png; sourceTree = "<group>"; };
		D015790818ACD9F500AA3803 /* FlappyBallIcon60x60.png */ = {isa = PBXFileReference; lastKnownFileType = image.png; path = FlappyBallIcon60x60.png; sourceTree = "<group>"; };
		D048A83B18AC973300411DF9 /* cow.png */ = {isa = PBXFileReference; lastKnownFileType = image.png; path = cow.png; sourceTree = "<group>"; };
		D048A83D18ACAAAB00411DF9 /* facebook_share.png */ = {isa = PBXFileReference; lastKnownFileType = image.png; path = facebook_share.png; sourceTree = "<group>"; };
		D048A83E18ACAAAB00411DF9 /* twitter_share.png */ = {isa = PBXFileReference; lastKnownFileType = image.png; path = twitter_share.png; sourceTree = "<group>"; };
		D048A84518ACB25200411DF9 /* GameKit.framework */ = {isa = PBXFileReference; lastKnownFileType = wrapper.framework; name = GameKit.framework; path = System/Library/Frameworks/GameKit.framework; sourceTree = SDKROOT; };
		D048A84718ACB2A500411DF9 /* GameCenterManager.h */ = {isa = PBXFileReference; fileEncoding = 4; lastKnownFileType = sourcecode.c.h; path = GameCenterManager.h; sourceTree = "<group>"; };
		D048A84818ACB2A500411DF9 /* GameCenterManager.m */ = {isa = PBXFileReference; fileEncoding = 4; lastKnownFileType = sourcecode.c.objc; path = GameCenterManager.m; sourceTree = "<group>"; };
		D048A84A18ACB62600411DF9 /* AppSpecificValues.h */ = {isa = PBXFileReference; fileEncoding = 4; lastKnownFileType = sourcecode.c.h; path = AppSpecificValues.h; sourceTree = "<group>"; };
		D048A84B18ACC53500411DF9 /* MainView~ipad.xib */ = {isa = PBXFileReference; fileEncoding = 4; lastKnownFileType = file.xib; path = "MainView~ipad.xib"; sourceTree = "<group>"; };
		D04BEB9918ADD12E00DB72F5 /* ResultView~ipad.xib */ = {isa = PBXFileReference; fileEncoding = 4; lastKnownFileType = file.xib; path = "ResultView~ipad.xib"; sourceTree = "<group>"; };
		D04BEB9B18ADD14D00DB72F5 /* MenuView~ipad.xib */ = {isa = PBXFileReference; fileEncoding = 4; lastKnownFileType = file.xib; path = "MenuView~ipad.xib"; sourceTree = "<group>"; };
		D04BEB9D18ADD4C100DB72F5 /* TutorialView~ipad.xib */ = {isa = PBXFileReference; fileEncoding = 4; lastKnownFileType = file.xib; path = "TutorialView~ipad.xib"; sourceTree = "<group>"; };
		D04BEB9F18ADD8A000DB72F5 /* FloorView.h */ = {isa = PBXFileReference; fileEncoding = 4; lastKnownFileType = sourcecode.c.h; name = FloorView.h; path = ../Xib/FloorView.h; sourceTree = "<group>"; };
		D04BEBA018ADD8A000DB72F5 /* FloorView.m */ = {isa = PBXFileReference; fileEncoding = 4; lastKnownFileType = sourcecode.c.objc; name = FloorView.m; path = ../Xib/FloorView.m; sourceTree = "<group>"; };
		D04BEBA218ADD93000DB72F5 /* FloorView.xib */ = {isa = PBXFileReference; fileEncoding = 4; lastKnownFileType = file.xib; name = FloorView.xib; path = ../Classes/FloorView.xib; sourceTree = "<group>"; };
		D04BEBA418ADECAD00DB72F5 /* Floor.png */ = {isa = PBXFileReference; lastKnownFileType = image.png; path = Floor.png; sourceTree = "<group>"; };
		D04BEBA618ADFDE400DB72F5 /* GameViewController.xib */ = {isa = PBXFileReference; fileEncoding = 4; lastKnownFileType = file.xib; path = GameViewController.xib; sourceTree = "<group>"; };
		D04F6F4E18A9EBE6000509AA /* SoundEffectHelper.h */ = {isa = PBXFileReference; fileEncoding = 4; lastKnownFileType = sourcecode.c.h; path = SoundEffectHelper.h; sourceTree = "<group>"; };
		D04F6F4F18A9EBE6000509AA /* SoundEffectHelper.m */ = {isa = PBXFileReference; fileEncoding = 4; lastKnownFileType = sourcecode.c.objc; path = SoundEffectHelper.m; sourceTree = "<group>"; };
		D04F6F5118A9ED28000509AA /* SoundManager.h */ = {isa = PBXFileReference; fileEncoding = 4; lastKnownFileType = sourcecode.c.h; path = SoundManager.h; sourceTree = "<group>"; };
		D04F6F5218A9ED28000509AA /* SoundManager.m */ = {isa = PBXFileReference; fileEncoding = 4; lastKnownFileType = sourcecode.c.objc; path = SoundManager.m; sourceTree = "<group>"; };
		D04F6F5418A9FD34000509AA /* NSArray+Util.h */ = {isa = PBXFileReference; fileEncoding = 4; lastKnownFileType = sourcecode.c.h; path = "NSArray+Util.h"; sourceTree = "<group>"; };
		D04F6F5518A9FD34000509AA /* NSArray+Util.m */ = {isa = PBXFileReference; fileEncoding = 4; lastKnownFileType = sourcecode.c.objc; path = "NSArray+Util.m"; sourceTree = "<group>"; };
		D04F704118AA1197000509AA /* Social.framework */ = {isa = PBXFileReference; lastKnownFileType = wrapper.framework; name = Social.framework; path = System/Library/Frameworks/Social.framework; sourceTree = SDKROOT; };
		D073FF2118AA3AD800448FD5 /* BackgroundView.h */ = {isa = PBXFileReference; fileEncoding = 4; lastKnownFileType = sourcecode.c.h; path = BackgroundView.h; sourceTree = "<group>"; };
		D073FF2218AA3AD800448FD5 /* BackgroundView.m */ = {isa = PBXFileReference; fileEncoding = 4; lastKnownFileType = sourcecode.c.objc; path = BackgroundView.m; sourceTree = "<group>"; };
		D073FF2318AA3AD800448FD5 /* GameConstants.h */ = {isa = PBXFileReference; fileEncoding = 4; lastKnownFileType = sourcecode.c.h; path = GameConstants.h; sourceTree = "<group>"; };
		D073FF2418AA3AD800448FD5 /* GameConstants.m */ = {isa = PBXFileReference; fileEncoding = 4; lastKnownFileType = sourcecode.c.objc; path = GameConstants.m; sourceTree = "<group>"; };
		D073FF2518AA3AD800448FD5 /* GameViewController.h */ = {isa = PBXFileReference; fileEncoding = 4; lastKnownFileType = sourcecode.c.h; path = GameViewController.h; sourceTree = "<group>"; };
		D073FF2618AA3AD800448FD5 /* GameViewController.m */ = {isa = PBXFileReference; fileEncoding = 4; lastKnownFileType = sourcecode.c.objc; path = GameViewController.m; sourceTree = "<group>"; };
		D073FF2718AA3AD800448FD5 /* LadyBugView.h */ = {isa = PBXFileReference; fileEncoding = 4; lastKnownFileType = sourcecode.c.h; path = LadyBugView.h; sourceTree = "<group>"; };
		D073FF2818AA3AD800448FD5 /* LadyBugView.m */ = {isa = PBXFileReference; fileEncoding = 4; lastKnownFileType = sourcecode.c.objc; path = LadyBugView.m; sourceTree = "<group>"; };
		D073FF2918AA3AD800448FD5 /* MainView.h */ = {isa = PBXFileReference; fileEncoding = 4; lastKnownFileType = sourcecode.c.h; path = MainView.h; sourceTree = "<group>"; };
		D073FF2A18AA3AD800448FD5 /* MainView.m */ = {isa = PBXFileReference; fileEncoding = 4; lastKnownFileType = sourcecode.c.objc; path = MainView.m; sourceTree = "<group>"; };
		D073FF2B18AA3AD800448FD5 /* MenuView.h */ = {isa = PBXFileReference; fileEncoding = 4; lastKnownFileType = sourcecode.c.h; path = MenuView.h; sourceTree = "<group>"; };
		D073FF2C18AA3AD800448FD5 /* MenuView.m */ = {isa = PBXFileReference; fileEncoding = 4; lastKnownFileType = sourcecode.c.objc; path = MenuView.m; sourceTree = "<group>"; };
		D073FF2D18AA3AD800448FD5 /* NotificationManager.h */ = {isa = PBXFileReference; fileEncoding = 4; lastKnownFileType = sourcecode.c.h; path = NotificationManager.h; sourceTree = "<group>"; };
		D073FF2E18AA3AD800448FD5 /* NotificationManager.m */ = {isa = PBXFileReference; fileEncoding = 4; lastKnownFileType = sourcecode.c.objc; path = NotificationManager.m; sourceTree = "<group>"; };
		D073FF2F18AA3AD800448FD5 /* PipeView.h */ = {isa = PBXFileReference; fileEncoding = 4; lastKnownFileType = sourcecode.c.h; path = PipeView.h; sourceTree = "<group>"; };
		D073FF3018AA3AD800448FD5 /* PipeView.m */ = {isa = PBXFileReference; fileEncoding = 4; lastKnownFileType = sourcecode.c.objc; path = PipeView.m; sourceTree = "<group>"; };
		D073FF3118AA3AD800448FD5 /* ResultView.h */ = {isa = PBXFileReference; fileEncoding = 4; lastKnownFileType = sourcecode.c.h; path = ResultView.h; sourceTree = "<group>"; };
		D073FF3218AA3AD800448FD5 /* ResultView.m */ = {isa = PBXFileReference; fileEncoding = 4; lastKnownFileType = sourcecode.c.objc; path = ResultView.m; sourceTree = "<group>"; };
		D073FF3318AA3AD800448FD5 /* TutorialView.h */ = {isa = PBXFileReference; fileEncoding = 4; lastKnownFileType = sourcecode.c.h; path = TutorialView.h; sourceTree = "<group>"; };
		D073FF3418AA3AD800448FD5 /* TutorialView.m */ = {isa = PBXFileReference; fileEncoding = 4; lastKnownFileType = sourcecode.c.objc; path = TutorialView.m; sourceTree = "<group>"; };
		D073FF3618AA3AD800448FD5 /* GameViewController~ipad.xib */ = {isa = PBXFileReference; fileEncoding = 4; lastKnownFileType = file.xib; path = "GameViewController~ipad.xib"; sourceTree = "<group>"; };
		D073FF3718AA3AD800448FD5 /* LadyBugView.xib */ = {isa = PBXFileReference; fileEncoding = 4; lastKnownFileType = file.xib; path = LadyBugView.xib; sourceTree = "<group>"; };
		D073FF3818AA3AD800448FD5 /* MainView.xib */ = {isa = PBXFileReference; fileEncoding = 4; lastKnownFileType = file.xib; path = MainView.xib; sourceTree = "<group>"; };
		D073FF3918AA3AD800448FD5 /* MainWindow.xib */ = {isa = PBXFileReference; fileEncoding = 4; lastKnownFileType = file.xib; path = MainWindow.xib; sourceTree = "<group>"; };
		D073FF3A18AA3AD800448FD5 /* MenuView.xib */ = {isa = PBXFileReference; fileEncoding = 4; lastKnownFileType = file.xib; path = MenuView.xib; sourceTree = "<group>"; };
		D073FF3B18AA3AD800448FD5 /* PipeView.xib */ = {isa = PBXFileReference; fileEncoding = 4; lastKnownFileType = file.xib; path = PipeView.xib; sourceTree = "<group>"; };
		D073FF3C18AA3AD800448FD5 /* ResultView.xib */ = {isa = PBXFileReference; fileEncoding = 4; lastKnownFileType = file.xib; path = ResultView.xib; sourceTree = "<group>"; };
		D073FF3D18AA3AD800448FD5 /* TutorialView.xib */ = {isa = PBXFileReference; fileEncoding = 4; lastKnownFileType = file.xib; path = TutorialView.xib; sourceTree = "<group>"; };
		D073FF5018AA3AEB00448FD5 /* BackgroundView.xib */ = {isa = PBXFileReference; fileEncoding = 4; lastKnownFileType = file.xib; path = BackgroundView.xib; sourceTree = "<group>"; };
		D073FF5318AA3B5700448FD5 /* LadyBugView~ipad.xib */ = {isa = PBXFileReference; fileEncoding = 4; lastKnownFileType = file.xib; path = "LadyBugView~ipad.xib"; sourceTree = "<group>"; };
		D073FF5418AA3B5700448FD5 /* PipeView~ipad.xib */ = {isa = PBXFileReference; fileEncoding = 4; lastKnownFileType = file.xib; path = "PipeView~ipad.xib"; sourceTree = "<group>"; };
		D073FF5818AA3C8400448FD5 /* BackgroundView~ipad.xib */ = {isa = PBXFileReference; fileEncoding = 4; lastKnownFileType = file.xib; path = "BackgroundView~ipad.xib"; sourceTree = "<group>"; };
		D07F417F18A4D8C7009680FD /* iAd.framework */ = {isa = PBXFileReference; lastKnownFileType = wrapper.framework; name = iAd.framework; path = System/Library/Frameworks/iAd.framework; sourceTree = SDKROOT; };
		D0C79E7F18AF4BFD0032BDB8 /* FlappyBall2.png */ = {isa = PBXFileReference; lastKnownFileType = image.png; path = FlappyBall2.png; sourceTree = "<group>"; };
		D0E30E8118A376E300FFD3CE /* FlappyBall.app */ = {isa = PBXFileReference; explicitFileType = wrapper.application; includeInIndex = 0; path = FlappyBall.app; sourceTree = BUILT_PRODUCTS_DIR; };
		D0E30E8418A376E300FFD3CE /* Foundation.framework */ = {isa = PBXFileReference; lastKnownFileType = wrapper.framework; name = Foundation.framework; path = System/Library/Frameworks/Foundation.framework; sourceTree = SDKROOT; };
		D0E30E8618A376E300FFD3CE /* CoreGraphics.framework */ = {isa = PBXFileReference; lastKnownFileType = wrapper.framework; name = CoreGraphics.framework; path = System/Library/Frameworks/CoreGraphics.framework; sourceTree = SDKROOT; };
		D0E30E8818A376E300FFD3CE /* UIKit.framework */ = {isa = PBXFileReference; lastKnownFileType = wrapper.framework; name = UIKit.framework; path = System/Library/Frameworks/UIKit.framework; sourceTree = SDKROOT; };
		D0E30E8C18A376E300FFD3CE /* FlappyBall-Info.plist */ = {isa = PBXFileReference; lastKnownFileType = text.plist.xml; path = "FlappyBall-Info.plist"; sourceTree = "<group>"; };
		D0E30E8E18A376E300FFD3CE /* en */ = {isa = PBXFileReference; lastKnownFileType = text.plist.strings; name = en; path = en.lproj/InfoPlist.strings; sourceTree = "<group>"; };
		D0E30E9018A376E300FFD3CE /* main.m */ = {isa = PBXFileReference; lastKnownFileType = sourcecode.c.objc; path = main.m; sourceTree = "<group>"; };
		D0E30E9218A376E300FFD3CE /* FlappyBall-Prefix.pch */ = {isa = PBXFileReference; lastKnownFileType = sourcecode.c.h; path = "FlappyBall-Prefix.pch"; sourceTree = "<group>"; };
		D0E30E9318A376E300FFD3CE /* AppDelegate.h */ = {isa = PBXFileReference; lastKnownFileType = sourcecode.c.h; path = AppDelegate.h; sourceTree = "<group>"; };
		D0E30E9418A376E300FFD3CE /* AppDelegate.m */ = {isa = PBXFileReference; lastKnownFileType = sourcecode.c.objc; path = AppDelegate.m; sourceTree = "<group>"; };
		D0E30E9C18A376E300FFD3CE /* Images.xcassets */ = {isa = PBXFileReference; lastKnownFileType = folder.assetcatalog; path = Images.xcassets; sourceTree = "<group>"; };
		D0E30EA218A376E300FFD3CE /* FlappyBallTests.xctest */ = {isa = PBXFileReference; explicitFileType = wrapper.cfbundle; includeInIndex = 0; path = FlappyBallTests.xctest; sourceTree = BUILT_PRODUCTS_DIR; };
		D0E30EA318A376E300FFD3CE /* XCTest.framework */ = {isa = PBXFileReference; lastKnownFileType = wrapper.framework; name = XCTest.framework; path = Library/Frameworks/XCTest.framework; sourceTree = DEVELOPER_DIR; };
		D0E30EAB18A376E300FFD3CE /* FlappyBallTests-Info.plist */ = {isa = PBXFileReference; lastKnownFileType = text.plist.xml; path = "FlappyBallTests-Info.plist"; sourceTree = "<group>"; };
		D0E30EAD18A376E300FFD3CE /* en */ = {isa = PBXFileReference; lastKnownFileType = text.plist.strings; name = en; path = en.lproj/InfoPlist.strings; sourceTree = "<group>"; };
		D0E30EAF18A376E300FFD3CE /* BirdTests.m */ = {isa = PBXFileReference; lastKnownFileType = sourcecode.c.objc; path = BirdTests.m; sourceTree = "<group>"; };
		D0E30EDE18A37D6400FFD3CE /* QuartzCore.framework */ = {isa = PBXFileReference; lastKnownFileType = wrapper.framework; name = QuartzCore.framework; path = System/Library/Frameworks/QuartzCore.framework; sourceTree = SDKROOT; };
		D0E50A2918A7349300AA353E /* background_cloud.jpeg */ = {isa = PBXFileReference; lastKnownFileType = image.jpeg; path = background_cloud.jpeg; sourceTree = "<group>"; };
		D0E50A2A18A7349300AA353E /* bg.png */ = {isa = PBXFileReference; lastKnownFileType = image.png; path = bg.png; sourceTree = "<group>"; };
		D0E50A2B18A7349300AA353E /* Ladybug.png */ = {isa = PBXFileReference; lastKnownFileType = image.png; path = Ladybug.png; sourceTree = "<group>"; };
		D0E50A2C18A7349300AA353E /* man.png */ = {isa = PBXFileReference; lastKnownFileType = image.png; path = man.png; sourceTree = "<group>"; };
		D0E50A2D18A7349300AA353E /* obstacles_bottom.png */ = {isa = PBXFileReference; lastKnownFileType = image.png; path = obstacles_bottom.png; sourceTree = "<group>"; };
		D0E50A2E18A7349300AA353E /* obstacles_top.png */ = {isa = PBXFileReference; lastKnownFileType = image.png; path = obstacles_top.png; sourceTree = "<group>"; };
		D0E50A2F18A7349300AA353E /* pipe_face_down.png */ = {isa = PBXFileReference; lastKnownFileType = image.png; path = pipe_face_down.png; sourceTree = "<group>"; };
		D0E50A3018A7349300AA353E /* pipe_face_up.png */ = {isa = PBXFileReference; lastKnownFileType = image.png; path = pipe_face_up.png; sourceTree = "<group>"; };
		D0E50A3E18A745CA00AA353E /* AnimUtil.h */ = {isa = PBXFileReference; fileEncoding = 4; lastKnownFileType = sourcecode.c.h; path = AnimUtil.h; sourceTree = "<group>"; };
		D0E50A3F18A745CA00AA353E /* AnimUtil.m */ = {isa = PBXFileReference; fileEncoding = 4; lastKnownFileType = sourcecode.c.objc; path = AnimUtil.m; sourceTree = "<group>"; };
		D0E50A4018A745CA00AA353E /* Base-Prefix.pch */ = {isa = PBXFileReference; fileEncoding = 4; lastKnownFileType = sourcecode.c.h; path = "Base-Prefix.pch"; sourceTree = "<group>"; };
		D0E50A4118A745CA00AA353E /* Base.h */ = {isa = PBXFileReference; fileEncoding = 4; lastKnownFileType = sourcecode.c.h; path = Base.h; sourceTree = "<group>"; };
		D0E50A4218A745CA00AA353E /* Base.m */ = {isa = PBXFileReference; fileEncoding = 4; lastKnownFileType = sourcecode.c.objc; path = Base.m; sourceTree = "<group>"; };
		D0E50A4318A745CA00AA353E /* GameLoopTimer.h */ = {isa = PBXFileReference; fileEncoding = 4; lastKnownFileType = sourcecode.c.h; path = GameLoopTimer.h; sourceTree = "<group>"; };
		D0E50A4418A745CA00AA353E /* GameLoopTimer.m */ = {isa = PBXFileReference; fileEncoding = 4; lastKnownFileType = sourcecode.c.objc; path = GameLoopTimer.m; sourceTree = "<group>"; };
		D0E50A4518A745CA00AA353E /* Hex.h */ = {isa = PBXFileReference; fileEncoding = 4; lastKnownFileType = sourcecode.c.h; path = Hex.h; sourceTree = "<group>"; };
		D0E50A4618A745CA00AA353E /* Hex.m */ = {isa = PBXFileReference; fileEncoding = 4; lastKnownFileType = sourcecode.c.objc; path = Hex.m; sourceTree = "<group>"; };
		D0E50A4718A745CA00AA353E /* SoundEffect.h */ = {isa = PBXFileReference; fileEncoding = 4; lastKnownFileType = sourcecode.c.h; path = SoundEffect.h; sourceTree = "<group>"; };
		D0E50A4818A745CA00AA353E /* SoundEffect.m */ = {isa = PBXFileReference; fileEncoding = 4; lastKnownFileType = sourcecode.c.objc; path = SoundEffect.m; sourceTree = "<group>"; };
		D0E50A4918A745CA00AA353E /* UIView+ViewUtil.h */ = {isa = PBXFileReference; fileEncoding = 4; lastKnownFileType = sourcecode.c.h; path = "UIView+ViewUtil.h"; sourceTree = "<group>"; };
		D0E50A4A18A745CA00AA353E /* UIView+ViewUtil.m */ = {isa = PBXFileReference; fileEncoding = 4; lastKnownFileType = sourcecode.c.objc; path = "UIView+ViewUtil.m"; sourceTree = "<group>"; };
		D0E50A4B18A745CA00AA353E /* Utils.h */ = {isa = PBXFileReference; fileEncoding = 4; lastKnownFileType = sourcecode.c.h; path = Utils.h; sourceTree = "<group>"; };
		D0E50A4C18A745CA00AA353E /* Utils.m */ = {isa = PBXFileReference; fileEncoding = 4; lastKnownFileType = sourcecode.c.objc; path = Utils.m; sourceTree = "<group>"; };
		D0E50A4D18A745CA00AA353E /* WorldObjectProperties.h */ = {isa = PBXFileReference; fileEncoding = 4; lastKnownFileType = sourcecode.c.h; path = WorldObjectProperties.h; sourceTree = "<group>"; };
		D0E50A4E18A745CA00AA353E /* WorldObjectProperties.m */ = {isa = PBXFileReference; fileEncoding = 4; lastKnownFileType = sourcecode.c.objc; path = WorldObjectProperties.m; sourceTree = "<group>"; };
		D0E50A4F18A745CA00AA353E /* WorldObjectView.h */ = {isa = PBXFileReference; fileEncoding = 4; lastKnownFileType = sourcecode.c.h; path = WorldObjectView.h; sourceTree = "<group>"; };
		D0E50A5018A745CA00AA353E /* WorldObjectView.m */ = {isa = PBXFileReference; fileEncoding = 4; lastKnownFileType = sourcecode.c.objc; path = WorldObjectView.m; sourceTree = "<group>"; };
		D0E50A5118A745CA00AA353E /* XibView.h */ = {isa = PBXFileReference; fileEncoding = 4; lastKnownFileType = sourcecode.c.h; path = XibView.h; sourceTree = "<group>"; };
		D0E50A5218A745CA00AA353E /* XibView.m */ = {isa = PBXFileReference; fileEncoding = 4; lastKnownFileType = sourcecode.c.objc; path = XibView.m; sourceTree = "<group>"; };
		D0E50A5418A745CA00AA353E /* iRate.bundle */ = {isa = PBXFileReference; lastKnownFileType = "wrapper.plug-in"; path = iRate.bundle; sourceTree = "<group>"; };
		D0E50A5518A745CA00AA353E /* iRate.h */ = {isa = PBXFileReference; fileEncoding = 4; lastKnownFileType = sourcecode.c.h; path = iRate.h; sourceTree = "<group>"; };
		D0E50A5618A745CA00AA353E /* iRate.m */ = {isa = PBXFileReference; fileEncoding = 4; lastKnownFileType = sourcecode.c.objc; path = iRate.m; sourceTree = "<group>"; };
		D0E50A5818A745CA00AA353E /* FXLabel.h */ = {isa = PBXFileReference; fileEncoding = 4; lastKnownFileType = sourcecode.c.h; path = FXLabel.h; sourceTree = "<group>"; };
		D0E50A5918A745CA00AA353E /* FXLabel.m */ = {isa = PBXFileReference; fileEncoding = 4; lastKnownFileType = sourcecode.c.objc; path = FXLabel.m; sourceTree = "<group>"; };
		D0EDB82718A8A55100C103F5 /* bumpEffect.caf */ = {isa = PBXFileReference; lastKnownFileType = file; path = bumpEffect.caf; sourceTree = "<group>"; };
		D0EDB82A18A8AFAC00C103F5 /* THLabel.h */ = {isa = PBXFileReference; fileEncoding = 4; lastKnownFileType = sourcecode.c.h; path = THLabel.h; sourceTree = "<group>"; };
		D0EDB82B18A8AFAC00C103F5 /* THLabel.m */ = {isa = PBXFileReference; fileEncoding = 4; lastKnownFileType = sourcecode.c.objc; path = THLabel.m; sourceTree = "<group>"; };
		D0EE1F2C18AB4BE800AD7C8F /* blingEffect.caf */ = {isa = PBXFileReference; lastKnownFileType = file; path = blingEffect.caf; sourceTree = "<group>"; };
		D0F7853718A8659F00CA1ADA /* bounceEffect.caf */ = {isa = PBXFileReference; lastKnownFileType = file; path = bounceEffect.caf; sourceTree = "<group>"; };
/* End PBXFileReference section */

/* Begin PBXFrameworksBuildPhase section */
		D0E30E7E18A376E300FFD3CE /* Frameworks */ = {
			isa = PBXFrameworksBuildPhase;
			buildActionMask = 2147483647;
			files = (
				D048A84618ACB25200411DF9 /* GameKit.framework in Frameworks */,
				D04F704218AA1197000509AA /* Social.framework in Frameworks */,
				D07F418018A4D8C7009680FD /* iAd.framework in Frameworks */,
				D0E30EDF18A37D6400FFD3CE /* QuartzCore.framework in Frameworks */,
				D0E30E8718A376E300FFD3CE /* CoreGraphics.framework in Frameworks */,
				D0E30E8918A376E300FFD3CE /* UIKit.framework in Frameworks */,
				D0E30E8518A376E300FFD3CE /* Foundation.framework in Frameworks */,
			);
			runOnlyForDeploymentPostprocessing = 0;
		};
		D0E30E9F18A376E300FFD3CE /* Frameworks */ = {
			isa = PBXFrameworksBuildPhase;
			buildActionMask = 2147483647;
			files = (
				D0E30EA418A376E300FFD3CE /* XCTest.framework in Frameworks */,
				D0E30EA618A376E300FFD3CE /* UIKit.framework in Frameworks */,
				D0E30EA518A376E300FFD3CE /* Foundation.framework in Frameworks */,
			);
			runOnlyForDeploymentPostprocessing = 0;
		};
/* End PBXFrameworksBuildPhase section */

/* Begin PBXGroup section */
		D015790618ACD9F500AA3803 /* Icons */ = {
			isa = PBXGroup;
			children = (
				D015790718ACD9F500AA3803 /* FlappyBall152x152.png */,
				D015790818ACD9F500AA3803 /* FlappyBallIcon60x60.png */,
			);
			name = Icons;
			path = Resources/Icons;
			sourceTree = "<group>";
		};
		D048A84118ACACDB00411DF9 /* GameCenter */ = {
			isa = PBXGroup;
			children = (
				D048A84718ACB2A500411DF9 /* GameCenterManager.h */,
				D048A84818ACB2A500411DF9 /* GameCenterManager.m */,
			);
			path = GameCenter;
			sourceTree = "<group>";
		};
		D04F704618AA12B1000509AA /* Xib */ = {
			isa = PBXGroup;
			children = (
			);
			name = Xib;
			sourceTree = "<group>";
		};
		D073FF2018AA3AD800448FD5 /* Classes */ = {
			isa = PBXGroup;
			children = (
				D073FF2118AA3AD800448FD5 /* BackgroundView.h */,
				D073FF2218AA3AD800448FD5 /* BackgroundView.m */,
				D073FF2318AA3AD800448FD5 /* GameConstants.h */,
				D073FF2418AA3AD800448FD5 /* GameConstants.m */,
				D073FF2518AA3AD800448FD5 /* GameViewController.h */,
				D073FF2618AA3AD800448FD5 /* GameViewController.m */,
				D073FF2718AA3AD800448FD5 /* LadyBugView.h */,
				D073FF2818AA3AD800448FD5 /* LadyBugView.m */,
				D073FF2918AA3AD800448FD5 /* MainView.h */,
				D073FF2A18AA3AD800448FD5 /* MainView.m */,
				D073FF2B18AA3AD800448FD5 /* MenuView.h */,
				D073FF2C18AA3AD800448FD5 /* MenuView.m */,
				D073FF2D18AA3AD800448FD5 /* NotificationManager.h */,
				D073FF2E18AA3AD800448FD5 /* NotificationManager.m */,
				D073FF2F18AA3AD800448FD5 /* PipeView.h */,
				D073FF3018AA3AD800448FD5 /* PipeView.m */,
				D073FF3118AA3AD800448FD5 /* ResultView.h */,
				D073FF3218AA3AD800448FD5 /* ResultView.m */,
				D073FF3318AA3AD800448FD5 /* TutorialView.h */,
				D073FF3418AA3AD800448FD5 /* TutorialView.m */,
				D04BEB9F18ADD8A000DB72F5 /* FloorView.h */,
				D04BEBA018ADD8A000DB72F5 /* FloorView.m */,
			);
			path = Classes;
			sourceTree = "<group>";
		};
		D073FF3518AA3AD800448FD5 /* Xib */ = {
			isa = PBXGroup;
			children = (
				D04BEBA218ADD93000DB72F5 /* FloorView.xib */,
				D073FF5818AA3C8400448FD5 /* BackgroundView~ipad.xib */,
				D073FF5318AA3B5700448FD5 /* LadyBugView~ipad.xib */,
				D073FF5418AA3B5700448FD5 /* PipeView~ipad.xib */,
				D073FF5018AA3AEB00448FD5 /* BackgroundView.xib */,
				D073FF3618AA3AD800448FD5 /* GameViewController~ipad.xib */,
				D04BEBA618ADFDE400DB72F5 /* GameViewController.xib */,
				D073FF3718AA3AD800448FD5 /* LadyBugView.xib */,
				D048A84B18ACC53500411DF9 /* MainView~ipad.xib */,
				D073FF3818AA3AD800448FD5 /* MainView.xib */,
				D073FF3918AA3AD800448FD5 /* MainWindow.xib */,
				D073FF3A18AA3AD800448FD5 /* MenuView.xib */,
				D04BEB9B18ADD14D00DB72F5 /* MenuView~ipad.xib */,
				D073FF3B18AA3AD800448FD5 /* PipeView.xib */,
				D073FF3C18AA3AD800448FD5 /* ResultView.xib */,
				D04BEB9918ADD12E00DB72F5 /* ResultView~ipad.xib */,
				D073FF3D18AA3AD800448FD5 /* TutorialView.xib */,
				D04BEB9D18ADD4C100DB72F5 /* TutorialView~ipad.xib */,
			);
			path = Xib;
			sourceTree = "<group>";
		};
		D0E30E7818A376E300FFD3CE = {
			isa = PBXGroup;
			children = (
				D0E30ECD18A3780B00FFD3CE /* Resources */,
				D0E30EB918A3771C00FFD3CE /* Base */,
				D0E30E8A18A376E300FFD3CE /* Bird */,
				D0E30EA918A376E300FFD3CE /* BirdTests */,
				D0E30E8318A376E300FFD3CE /* Frameworks */,
				D0E30E8218A376E300FFD3CE /* Products */,
			);
			sourceTree = "<group>";
		};
		D0E30E8218A376E300FFD3CE /* Products */ = {
			isa = PBXGroup;
			children = (
				D0E30E8118A376E300FFD3CE /* FlappyBall.app */,
				D0E30EA218A376E300FFD3CE /* FlappyBallTests.xctest */,
			);
			name = Products;
			sourceTree = "<group>";
		};
		D0E30E8318A376E300FFD3CE /* Frameworks */ = {
			isa = PBXGroup;
			children = (
				D048A84518ACB25200411DF9 /* GameKit.framework */,
				D04F704118AA1197000509AA /* Social.framework */,
				D07F417F18A4D8C7009680FD /* iAd.framework */,
				D0E30EDE18A37D6400FFD3CE /* QuartzCore.framework */,
				D0E30E8418A376E300FFD3CE /* Foundation.framework */,
				D0E30E8618A376E300FFD3CE /* CoreGraphics.framework */,
				D0E30E8818A376E300FFD3CE /* UIKit.framework */,
				D0E30EA318A376E300FFD3CE /* XCTest.framework */,
			);
			name = Frameworks;
			sourceTree = "<group>";
		};
		D0E30E8A18A376E300FFD3CE /* Bird */ = {
			isa = PBXGroup;
			children = (
				D048A84A18ACB62600411DF9 /* AppSpecificValues.h */,
				D073FF2018AA3AD800448FD5 /* Classes */,
				D073FF3518AA3AD800448FD5 /* Xib */,
				D0E30E9318A376E300FFD3CE /* AppDelegate.h */,
				D0E30E9418A376E300FFD3CE /* AppDelegate.m */,
				D0E30E9C18A376E300FFD3CE /* Images.xcassets */,
				D0E30E8B18A376E300FFD3CE /* Supporting Files */,
			);
			path = Bird;
			sourceTree = "<group>";
		};
		D0E30E8B18A376E300FFD3CE /* Supporting Files */ = {
			isa = PBXGroup;
			children = (
				D0E30E8C18A376E300FFD3CE /* FlappyBall-Info.plist */,
				D0E30E8D18A376E300FFD3CE /* InfoPlist.strings */,
				D0E30E9018A376E300FFD3CE /* main.m */,
				D0E30E9218A376E300FFD3CE /* FlappyBall-Prefix.pch */,
			);
			name = "Supporting Files";
			sourceTree = "<group>";
		};
		D0E30EA918A376E300FFD3CE /* BirdTests */ = {
			isa = PBXGroup;
			children = (
				D0E30EAF18A376E300FFD3CE /* BirdTests.m */,
				D0E30EAA18A376E300FFD3CE /* Supporting Files */,
			);
			path = BirdTests;
			sourceTree = "<group>";
		};
		D0E30EAA18A376E300FFD3CE /* Supporting Files */ = {
			isa = PBXGroup;
			children = (
				D0E30EAB18A376E300FFD3CE /* FlappyBallTests-Info.plist */,
				D0E30EAC18A376E300FFD3CE /* InfoPlist.strings */,
			);
			name = "Supporting Files";
			sourceTree = "<group>";
		};
		D0E30EB918A3771C00FFD3CE /* Base */ = {
			isa = PBXGroup;
			children = (
				D048A84118ACACDB00411DF9 /* GameCenter */,
				D04F704618AA12B1000509AA /* Xib */,
				D0EDB82918A8AFAC00C103F5 /* THLabel */,
				D0E50A3D18A745CA00AA353E /* Classes */,
				D0E50A5318A745CA00AA353E /* iRate */,
				D0E50A5718A745CA00AA353E /* FXLabel */,
			);
			path = Base;
			sourceTree = "<group>";
		};
		D0E30ECD18A3780B00FFD3CE /* Resources */ = {
			isa = PBXGroup;
			children = (
				D015790618ACD9F500AA3803 /* Icons */,
				D0F7853418A8655800CA1ADA /* Sounds */,
				D0E50A2818A7349300AA353E /* Images */,
			);
			name = Resources;
			sourceTree = "<group>";
		};
		D0E50A2818A7349300AA353E /* Images */ = {
			isa = PBXGroup;
			children = (
				D0C79E7F18AF4BFD0032BDB8 /* FlappyBall2.png */,
				D04BEBA418ADECAD00DB72F5 /* Floor.png */,
				D048A83D18ACAAAB00411DF9 /* facebook_share.png */,
				D048A83E18ACAAAB00411DF9 /* twitter_share.png */,
				D048A83B18AC973300411DF9 /* cow.png */,
				D0E50A2918A7349300AA353E /* background_cloud.jpeg */,
				D0E50A2A18A7349300AA353E /* bg.png */,
				D0E50A2B18A7349300AA353E /* Ladybug.png */,
				D0E50A2C18A7349300AA353E /* man.png */,
				D0E50A2D18A7349300AA353E /* obstacles_bottom.png */,
				D0E50A2E18A7349300AA353E /* obstacles_top.png */,
				D0E50A2F18A7349300AA353E /* pipe_face_down.png */,
				D0E50A3018A7349300AA353E /* pipe_face_up.png */,
			);
			name = Images;
			path = Resources/Images;
			sourceTree = "<group>";
		};
		D0E50A3D18A745CA00AA353E /* Classes */ = {
			isa = PBXGroup;
			children = (
				D0E50A3E18A745CA00AA353E /* AnimUtil.h */,
				D0E50A3F18A745CA00AA353E /* AnimUtil.m */,
				D0E50A4018A745CA00AA353E /* Base-Prefix.pch */,
				D0E50A4118A745CA00AA353E /* Base.h */,
				D0E50A4218A745CA00AA353E /* Base.m */,
				D0E50A4318A745CA00AA353E /* GameLoopTimer.h */,
				D0E50A4418A745CA00AA353E /* GameLoopTimer.m */,
				D0E50A4518A745CA00AA353E /* Hex.h */,
				D0E50A4618A745CA00AA353E /* Hex.m */,
				D0E50A4718A745CA00AA353E /* SoundEffect.h */,
				D0E50A4818A745CA00AA353E /* SoundEffect.m */,
				D0E50A4918A745CA00AA353E /* UIView+ViewUtil.h */,
				D0E50A4A18A745CA00AA353E /* UIView+ViewUtil.m */,
				D0E50A4B18A745CA00AA353E /* Utils.h */,
				D0E50A4C18A745CA00AA353E /* Utils.m */,
				D0E50A4D18A745CA00AA353E /* WorldObjectProperties.h */,
				D0E50A4E18A745CA00AA353E /* WorldObjectProperties.m */,
				D0E50A4F18A745CA00AA353E /* WorldObjectView.h */,
				D0E50A5018A745CA00AA353E /* WorldObjectView.m */,
				D0E50A5118A745CA00AA353E /* XibView.h */,
				D0E50A5218A745CA00AA353E /* XibView.m */,
				D04F6F4E18A9EBE6000509AA /* SoundEffectHelper.h */,
				D04F6F4F18A9EBE6000509AA /* SoundEffectHelper.m */,
				D04F6F5118A9ED28000509AA /* SoundManager.h */,
				D04F6F5218A9ED28000509AA /* SoundManager.m */,
				D04F6F5418A9FD34000509AA /* NSArray+Util.h */,
				D04F6F5518A9FD34000509AA /* NSArray+Util.m */,
			);
			path = Classes;
			sourceTree = "<group>";
		};
		D0E50A5318A745CA00AA353E /* iRate */ = {
			isa = PBXGroup;
			children = (
				D0E50A5418A745CA00AA353E /* iRate.bundle */,
				D0E50A5518A745CA00AA353E /* iRate.h */,
				D0E50A5618A745CA00AA353E /* iRate.m */,
			);
			path = iRate;
			sourceTree = "<group>";
		};
		D0E50A5718A745CA00AA353E /* FXLabel */ = {
			isa = PBXGroup;
			children = (
				D0E50A5818A745CA00AA353E /* FXLabel.h */,
				D0E50A5918A745CA00AA353E /* FXLabel.m */,
			);
			path = FXLabel;
			sourceTree = "<group>";
		};
		D0EDB82918A8AFAC00C103F5 /* THLabel */ = {
			isa = PBXGroup;
			children = (
				D0EDB82A18A8AFAC00C103F5 /* THLabel.h */,
				D0EDB82B18A8AFAC00C103F5 /* THLabel.m */,
			);
			path = THLabel;
			sourceTree = "<group>";
		};
		D0F7853418A8655800CA1ADA /* Sounds */ = {
			isa = PBXGroup;
			children = (
				D0EE1F2C18AB4BE800AD7C8F /* blingEffect.caf */,
				D0EDB82718A8A55100C103F5 /* bumpEffect.caf */,
				D0F7853718A8659F00CA1ADA /* bounceEffect.caf */,
			);
			name = Sounds;
			path = Resources/Sounds;
			sourceTree = "<group>";
		};
/* End PBXGroup section */

/* Begin PBXNativeTarget section */
		D0E30E8018A376E300FFD3CE /* FlappyBall */ = {
			isa = PBXNativeTarget;
			buildConfigurationList = D0E30EB318A376E300FFD3CE /* Build configuration list for PBXNativeTarget "FlappyBall" */;
			buildPhases = (
				D0E30E7D18A376E300FFD3CE /* Sources */,
				D0E30E7E18A376E300FFD3CE /* Frameworks */,
				D0E30E7F18A376E300FFD3CE /* Resources */,
			);
			buildRules = (
			);
			dependencies = (
			);
			name = FlappyBall;
			productName = Bird;
			productReference = D0E30E8118A376E300FFD3CE /* FlappyBall.app */;
			productType = "com.apple.product-type.application";
		};
		D0E30EA118A376E300FFD3CE /* FlappyBallTests */ = {
			isa = PBXNativeTarget;
			buildConfigurationList = D0E30EB618A376E300FFD3CE /* Build configuration list for PBXNativeTarget "FlappyBallTests" */;
			buildPhases = (
				D0E30E9E18A376E300FFD3CE /* Sources */,
				D0E30E9F18A376E300FFD3CE /* Frameworks */,
				D0E30EA018A376E300FFD3CE /* Resources */,
			);
			buildRules = (
			);
			dependencies = (
				D0E30EA818A376E300FFD3CE /* PBXTargetDependency */,
			);
			name = FlappyBallTests;
			productName = BirdTests;
			productReference = D0E30EA218A376E300FFD3CE /* FlappyBallTests.xctest */;
			productType = "com.apple.product-type.bundle.unit-test";
		};
/* End PBXNativeTarget section */

/* Begin PBXProject section */
		D0E30E7918A376E300FFD3CE /* Project object */ = {
			isa = PBXProject;
			attributes = {
				LastUpgradeCheck = 0500;
				ORGANIZATIONNAME = MacCoder;
				TargetAttributes = {
					D0E30EA118A376E300FFD3CE = {
						TestTargetID = D0E30E8018A376E300FFD3CE;
					};
				};
			};
			buildConfigurationList = D0E30E7C18A376E300FFD3CE /* Build configuration list for PBXProject "FlappyBall" */;
			compatibilityVersion = "Xcode 3.2";
			developmentRegion = English;
			hasScannedForEncodings = 0;
			knownRegions = (
				en,
				Base,
			);
			mainGroup = D0E30E7818A376E300FFD3CE;
			productRefGroup = D0E30E8218A376E300FFD3CE /* Products */;
			projectDirPath = "";
			projectRoot = "";
			targets = (
				D0E30E8018A376E300FFD3CE /* FlappyBall */,
				D0E30EA118A376E300FFD3CE /* FlappyBallTests */,
			);
		};
/* End PBXProject section */

/* Begin PBXResourcesBuildPhase section */
		D0E30E7F18A376E300FFD3CE /* Resources */ = {
			isa = PBXResourcesBuildPhase;
			buildActionMask = 2147483647;
			files = (
				D0E50A3518A7349300AA353E /* obstacles_bottom.png in Resources */,
				D0E50A3218A7349300AA353E /* bg.png in Resources */,
				D0E50A3818A7349300AA353E /* pipe_face_up.png in Resources */,
				D04BEBA718ADFDE400DB72F5 /* GameViewController.xib in Resources */,
				D0E50A3318A7349300AA353E /* Ladybug.png in Resources */,
				D015791118ACD9F500AA3803 /* FlappyBallIcon60x60.png in Resources */,
				D04BEB9E18ADD4C100DB72F5 /* TutorialView~ipad.xib in Resources */,
				D073FF5618AA3B5700448FD5 /* LadyBugView~ipad.xib in Resources */,
				D073FF4D18AA3AD900448FD5 /* PipeView.xib in Resources */,
				D073FF4E18AA3AD900448FD5 /* ResultView.xib in Resources */,
				D073FF4818AA3AD900448FD5 /* GameViewController~ipad.xib in Resources */,
				D073FF5718AA3B5700448FD5 /* PipeView~ipad.xib in Resources */,
				D0C79E8018AF4BFD0032BDB8 /* FlappyBall2.png in Resources */,
				D073FF4F18AA3AD900448FD5 /* TutorialView.xib in Resources */,
				D0E50A3118A7349300AA353E /* background_cloud.jpeg in Resources */,
				D048A84018ACAAAB00411DF9 /* twitter_share.png in Resources */,
				D0EE1F2D18AB4BE800AD7C8F /* blingEffect.caf in Resources */,
				D04BEBA318ADD93100DB72F5 /* FloorView.xib in Resources */,
				D0E50A3418A7349300AA353E /* man.png in Resources */,
				D0E30E9D18A376E300FFD3CE /* Images.xcassets in Resources */,
				D0E30E8F18A376E300FFD3CE /* InfoPlist.strings in Resources */,
				D048A84C18ACC53500411DF9 /* MainView~ipad.xib in Resources */,
				D0EDB82818A8A55100C103F5 /* bumpEffect.caf in Resources */,
				D04BEB9C18ADD14D00DB72F5 /* MenuView~ipad.xib in Resources */,
				D0E50A3718A7349300AA353E /* pipe_face_down.png in Resources */,
				D0E50A6418A745CA00AA353E /* iRate.bundle in Resources */,
				D073FF4918AA3AD900448FD5 /* LadyBugView.xib in Resources */,
				D073FF4C18AA3AD900448FD5 /* MenuView.xib in Resources */,
				D015791018ACD9F500AA3803 /* FlappyBall152x152.png in Resources */,
				D04BEBA518ADECAD00DB72F5 /* Floor.png in Resources */,
				D073FF4A18AA3AD900448FD5 /* MainView.xib in Resources */,
				D073FF5118AA3AEB00448FD5 /* BackgroundView.xib in Resources */,
				D048A83C18AC973300411DF9 /* cow.png in Resources */,
				D0E50A3618A7349300AA353E /* obstacles_top.png in Resources */,
				D073FF5918AA3C8400448FD5 /* BackgroundView~ipad.xib in Resources */,
				D04BEB9A18ADD12E00DB72F5 /* ResultView~ipad.xib in Resources */,
				D0F7853818A8659F00CA1ADA /* bounceEffect.caf in Resources */,
				D048A83F18ACAAAB00411DF9 /* facebook_share.png in Resources */,
				D073FF4B18AA3AD900448FD5 /* MainWindow.xib in Resources */,
			);
			runOnlyForDeploymentPostprocessing = 0;
		};
		D0E30EA018A376E300FFD3CE /* Resources */ = {
			isa = PBXResourcesBuildPhase;
			buildActionMask = 2147483647;
			files = (
				D0E30EAE18A376E300FFD3CE /* InfoPlist.strings in Resources */,
			);
			runOnlyForDeploymentPostprocessing = 0;
		};
/* End PBXResourcesBuildPhase section */

/* Begin PBXSourcesBuildPhase section */
		D0E30E7D18A376E300FFD3CE /* Sources */ = {
			isa = PBXSourcesBuildPhase;
			buildActionMask = 2147483647;
			files = (
				D073FF4718AA3AD900448FD5 /* TutorialView.m in Sources */,
				D073FF4618AA3AD900448FD5 /* ResultView.m in Sources */,
				D0E50A6318A745CA00AA353E /* XibView.m in Sources */,
				D0E50A5B18A745CA00AA353E /* Base.m in Sources */,
				D073FF3E18AA3AD800448FD5 /* BackgroundView.m in Sources */,
				D04F6F5318A9ED28000509AA /* SoundManager.m in Sources */,
				D073FF4418AA3AD900448FD5 /* NotificationManager.m in Sources */,
				D0EDB82C18A8AFAC00C103F5 /* THLabel.m in Sources */,
				D073FF4318AA3AD800448FD5 /* MenuView.m in Sources */,
				D04BEBA118ADD8A000DB72F5 /* FloorView.m in Sources */,
				D04F6F5618A9FD34000509AA /* NSArray+Util.m in Sources */,
				D0E50A6018A745CA00AA353E /* Utils.m in Sources */,
				D0E50A5A18A745CA00AA353E /* AnimUtil.m in Sources */,
				D073FF4518AA3AD900448FD5 /* PipeView.m in Sources */,
				D0E50A6518A745CA00AA353E /* iRate.m in Sources */,
				D073FF4118AA3AD800448FD5 /* LadyBugView.m in Sources */,
				D073FF3F18AA3AD800448FD5 /* GameConstants.m in Sources */,
				D0E50A6218A745CA00AA353E /* WorldObjectView.m in Sources */,
				D04F6F5018A9EBE6000509AA /* SoundEffectHelper.m in Sources */,
				D0E30E9518A376E300FFD3CE /* AppDelegate.m in Sources */,
				D0E50A5C18A745CA00AA353E /* GameLoopTimer.m in Sources */,
				D0E30E9118A376E300FFD3CE /* main.m in Sources */,
				D073FF4218AA3AD800448FD5 /* MainView.m in Sources */,
				D0E50A5E18A745CA00AA353E /* SoundEffect.m in Sources */,
				D073FF4018AA3AD800448FD5 /* GameViewController.m in Sources */,
				D048A84918ACB2A500411DF9 /* GameCenterManager.m in Sources */,
				D0E50A5D18A745CA00AA353E /* Hex.m in Sources */,
				D0E50A5F18A745CA00AA353E /* UIView+ViewUtil.m in Sources */,
				D0E50A6118A745CA00AA353E /* WorldObjectProperties.m in Sources */,
				D0E50A6618A745CA00AA353E /* FXLabel.m in Sources */,
			);
			runOnlyForDeploymentPostprocessing = 0;
		};
		D0E30E9E18A376E300FFD3CE /* Sources */ = {
			isa = PBXSourcesBuildPhase;
			buildActionMask = 2147483647;
			files = (
				D0E30EB018A376E300FFD3CE /* BirdTests.m in Sources */,
			);
			runOnlyForDeploymentPostprocessing = 0;
		};
/* End PBXSourcesBuildPhase section */

/* Begin PBXTargetDependency section */
		D0E30EA818A376E300FFD3CE /* PBXTargetDependency */ = {
			isa = PBXTargetDependency;
			target = D0E30E8018A376E300FFD3CE /* FlappyBall */;
			targetProxy = D0E30EA718A376E300FFD3CE /* PBXContainerItemProxy */;
		};
/* End PBXTargetDependency section */

/* Begin PBXVariantGroup section */
		D0E30E8D18A376E300FFD3CE /* InfoPlist.strings */ = {
			isa = PBXVariantGroup;
			children = (
				D0E30E8E18A376E300FFD3CE /* en */,
			);
			name = InfoPlist.strings;
			sourceTree = "<group>";
		};
		D0E30EAC18A376E300FFD3CE /* InfoPlist.strings */ = {
			isa = PBXVariantGroup;
			children = (
				D0E30EAD18A376E300FFD3CE /* en */,
			);
			name = InfoPlist.strings;
			sourceTree = "<group>";
		};
/* End PBXVariantGroup section */

/* Begin XCBuildConfiguration section */
		D0E30EB118A376E300FFD3CE /* Debug */ = {
			isa = XCBuildConfiguration;
			buildSettings = {
				ALWAYS_SEARCH_USER_PATHS = NO;
				ARCHS = "$(ARCHS_STANDARD_INCLUDING_64_BIT)";
				CLANG_CXX_LANGUAGE_STANDARD = "gnu++0x";
				CLANG_CXX_LIBRARY = "libc++";
				CLANG_ENABLE_MODULES = YES;
				CLANG_ENABLE_OBJC_ARC = YES;
				CLANG_WARN_BOOL_CONVERSION = YES;
				CLANG_WARN_CONSTANT_CONVERSION = YES;
				CLANG_WARN_DIRECT_OBJC_ISA_USAGE = YES_ERROR;
				CLANG_WARN_EMPTY_BODY = YES;
				CLANG_WARN_ENUM_CONVERSION = YES;
				CLANG_WARN_INT_CONVERSION = YES;
				CLANG_WARN_OBJC_ROOT_CLASS = YES_ERROR;
				CLANG_WARN__DUPLICATE_METHOD_MATCH = YES;
				"CODE_SIGN_IDENTITY[sdk=iphoneos*]" = "iPhone Developer";
				COPY_PHASE_STRIP = NO;
				GCC_C_LANGUAGE_STANDARD = gnu99;
				GCC_DYNAMIC_NO_PIC = NO;
				GCC_OPTIMIZATION_LEVEL = 0;
				GCC_PREPROCESSOR_DEFINITIONS = (
					"DEBUG=1",
					"$(inherited)",
				);
				GCC_SYMBOLS_PRIVATE_EXTERN = NO;
				GCC_WARN_64_TO_32_BIT_CONVERSION = YES;
				GCC_WARN_ABOUT_RETURN_TYPE = YES_ERROR;
				GCC_WARN_UNDECLARED_SELECTOR = YES;
				GCC_WARN_UNINITIALIZED_AUTOS = YES;
				GCC_WARN_UNUSED_FUNCTION = YES;
				GCC_WARN_UNUSED_VARIABLE = YES;
				IPHONEOS_DEPLOYMENT_TARGET = 6.0;
				ONLY_ACTIVE_ARCH = YES;
				SDKROOT = iphoneos;
			};
			name = Debug;
		};
		D0E30EB218A376E300FFD3CE /* Release */ = {
			isa = XCBuildConfiguration;
			buildSettings = {
				ALWAYS_SEARCH_USER_PATHS = NO;
				ARCHS = "$(ARCHS_STANDARD_INCLUDING_64_BIT)";
				CLANG_CXX_LANGUAGE_STANDARD = "gnu++0x";
				CLANG_CXX_LIBRARY = "libc++";
				CLANG_ENABLE_MODULES = YES;
				CLANG_ENABLE_OBJC_ARC = YES;
				CLANG_WARN_BOOL_CONVERSION = YES;
				CLANG_WARN_CONSTANT_CONVERSION = YES;
				CLANG_WARN_DIRECT_OBJC_ISA_USAGE = YES_ERROR;
				CLANG_WARN_EMPTY_BODY = YES;
				CLANG_WARN_ENUM_CONVERSION = YES;
				CLANG_WARN_INT_CONVERSION = YES;
				CLANG_WARN_OBJC_ROOT_CLASS = YES_ERROR;
				CLANG_WARN__DUPLICATE_METHOD_MATCH = YES;
				"CODE_SIGN_IDENTITY[sdk=iphoneos*]" = "iPhone Developer";
				COPY_PHASE_STRIP = YES;
				ENABLE_NS_ASSERTIONS = NO;
				GCC_C_LANGUAGE_STANDARD = gnu99;
				GCC_WARN_64_TO_32_BIT_CONVERSION = YES;
				GCC_WARN_ABOUT_RETURN_TYPE = YES_ERROR;
				GCC_WARN_UNDECLARED_SELECTOR = YES;
				GCC_WARN_UNINITIALIZED_AUTOS = YES;
				GCC_WARN_UNUSED_FUNCTION = YES;
				GCC_WARN_UNUSED_VARIABLE = YES;
				IPHONEOS_DEPLOYMENT_TARGET = 6.0;
				SDKROOT = iphoneos;
				VALIDATE_PRODUCT = YES;
			};
			name = Release;
		};
		D0E30EB418A376E300FFD3CE /* Debug */ = {
			isa = XCBuildConfiguration;
			buildSettings = {
				ASSETCATALOG_COMPILER_APPICON_NAME = AppIcon;
				ASSETCATALOG_COMPILER_LAUNCHIMAGE_NAME = LaunchImage;
				GCC_PRECOMPILE_PREFIX_HEADER = YES;
				GCC_PREFIX_HEADER = "Bird/FlappyBall-Prefix.pch";
				INFOPLIST_FILE = "Bird/FlappyBall-Info.plist";
				PRODUCT_NAME = FlappyBall;
				TARGETED_DEVICE_FAMILY = "1,2";
				WRAPPER_EXTENSION = app;
			};
			name = Debug;
		};
		D0E30EB518A376E300FFD3CE /* Release */ = {
			isa = XCBuildConfiguration;
			buildSettings = {
				ASSETCATALOG_COMPILER_APPICON_NAME = AppIcon;
				ASSETCATALOG_COMPILER_LAUNCHIMAGE_NAME = LaunchImage;
				GCC_PRECOMPILE_PREFIX_HEADER = YES;
				GCC_PREFIX_HEADER = "Bird/FlappyBall-Prefix.pch";
				INFOPLIST_FILE = "Bird/FlappyBall-Info.plist";
				PRODUCT_NAME = FlappyBall;
				TARGETED_DEVICE_FAMILY = "1,2";
				WRAPPER_EXTENSION = app;
			};
			name = Release;
		};
		D0E30EB718A376E300FFD3CE /* Debug */ = {
			isa = XCBuildConfiguration;
			buildSettings = {
				ARCHS = "$(ARCHS_STANDARD_INCLUDING_64_BIT)";
				BUNDLE_LOADER = "$(BUILT_PRODUCTS_DIR)/Bird.app/Bird";
				FRAMEWORK_SEARCH_PATHS = (
					"$(SDKROOT)/Developer/Library/Frameworks",
					"$(inherited)",
					"$(DEVELOPER_FRAMEWORKS_DIR)",
				);
				GCC_PRECOMPILE_PREFIX_HEADER = YES;
				GCC_PREFIX_HEADER = "Bird/Bird-Prefix.pch";
				GCC_PREPROCESSOR_DEFINITIONS = (
					"DEBUG=1",
					"$(inherited)",
				);
				INFOPLIST_FILE = "BirdTests/FlappyBallTests-Info.plist";
				PRODUCT_NAME = FlappyBallTests;
				TEST_HOST = "$(BUNDLE_LOADER)";
				WRAPPER_EXTENSION = xctest;
			};
			name = Debug;
		};
		D0E30EB818A376E300FFD3CE /* Release */ = {
			isa = XCBuildConfiguration;
			buildSettings = {
				ARCHS = "$(ARCHS_STANDARD_INCLUDING_64_BIT)";
				BUNDLE_LOADER = "$(BUILT_PRODUCTS_DIR)/Bird.app/Bird";
				FRAMEWORK_SEARCH_PATHS = (
					"$(SDKROOT)/Developer/Library/Frameworks",
					"$(inherited)",
					"$(DEVELOPER_FRAMEWORKS_DIR)",
				);
				GCC_PRECOMPILE_PREFIX_HEADER = YES;
				GCC_PREFIX_HEADER = "Bird/Bird-Prefix.pch";
				INFOPLIST_FILE = "BirdTests/FlappyBallTests-Info.plist";
				PRODUCT_NAME = FlappyBallTests;
				TEST_HOST = "$(BUNDLE_LOADER)";
				WRAPPER_EXTENSION = xctest;
			};
			name = Release;
		};
/* End XCBuildConfiguration section */

/* Begin XCConfigurationList section */
		D0E30E7C18A376E300FFD3CE /* Build configuration list for PBXProject "FlappyBall" */ = {
			isa = XCConfigurationList;
			buildConfigurations = (
				D0E30EB118A376E300FFD3CE /* Debug */,
				D0E30EB218A376E300FFD3CE /* Release */,
			);
			defaultConfigurationIsVisible = 0;
			defaultConfigurationName = Release;
		};
		D0E30EB318A376E300FFD3CE /* Build configuration list for PBXNativeTarget "FlappyBall" */ = {
			isa = XCConfigurationList;
			buildConfigurations = (
				D0E30EB418A376E300FFD3CE /* Debug */,
				D0E30EB518A376E300FFD3CE /* Release */,
			);
			defaultConfigurationIsVisible = 0;
			defaultConfigurationName = Release;
		};
		D0E30EB618A376E300FFD3CE /* Build configuration list for PBXNativeTarget "FlappyBallTests" */ = {
			isa = XCConfigurationList;
			buildConfigurations = (
				D0E30EB718A376E300FFD3CE /* Debug */,
				D0E30EB818A376E300FFD3CE /* Release */,
			);
			defaultConfigurationIsVisible = 0;
			defaultConfigurationName = Release;
		};
/* End XCConfigurationList section */
	};
	rootObject = D0E30E7918A376E300FFD3CE /* Project object */;
}
